{
  "name": "symbols-translator",
  "version": "1.0.0",
  "lockfileVersion": 3,
  "requires": true,
  "packages": {
    "": {
      "name": "symbols-translator",
      "version": "1.0.0",
      "license": "ISC",
      "dependencies": {
        "symbols-translator-package": "^1.0.0"
      }
    },
    "node_modules/symbols-translator-package": {
      "version": "1.0.0",
      "resolved": "https://registry.npmjs.org/symbols-translator-package/-/symbols-translator-package-1.0.0.tgz",
      "integrity": "sha512-LSA79pS8ElosCvNecxCucmH5Gp2hrc34t8PAFtCg9eBYi7ezMcrgvjH2/TWUF5MQMImIb/LZk7hNb5wY9Fy+AQ=="
    }
  }
}
